
Microsoft Visual Studio Solution File, Format Version 10.00
# Visual Studio 2008
Project("{8BC9CEB8-8B4A-11D0-8D11-00A0C91BC942}") = "CornucopiaEditor", "CornucopiaEditor.vcproj", "{906EB7EF-D003-4FDB-952E-A9F0AB51F5B1}"
	ProjectSection(ProjectDependencies) = postProject
		{5AD1A50E-7813-41AB-BB00-42B62DABE1EC} = {5AD1A50E-7813-41AB-BB00-42B62DABE1EC}
		{8D891D19-E231-44BE-BA2B-9F56DD42D673} = {8D891D19-E231-44BE-BA2B-9F56DD42D673}
		{91714A27-F0FD-4836-A3E6-57FE2019235A} = {91714A27-F0FD-4836-A3E6-57FE2019235A}
		{028673A4-7EFB-4260-BD78-612C7BD81B70} = {028673A4-7EFB-4260-BD78-612C7BD81B70}
	EndProjectSection
EndProject
Project("{8BC9CEB8-8B4A-11D0-8D11-00A0C91BC942}") = "CornucopiaLibrary", "..\..\Cornucopia\ProjectFiles\CornucopiaLibrary.vcproj", "{028673A4-7EFB-4260-BD78-612C7BD81B70}"
	ProjectSection(ProjectDependencies) = postProject
		{5AD1A50E-7813-41AB-BB00-42B62DABE1EC} = {5AD1A50E-7813-41AB-BB00-42B62DABE1EC}
		{8D891D19-E231-44BE-BA2B-9F56DD42D673} = {8D891D19-E231-44BE-BA2B-9F56DD42D673}
	EndProjectSection
EndProject
Project("{8BC9CEB8-8B4A-11D0-8D11-00A0C91BC942}") = "C3GALibrary", "..\..\Cornucopia\ProjectFiles\C3GALibrary.vcproj", "{8D891D19-E231-44BE-BA2B-9F56DD42D673}"
EndProject
Project("{8BC9CEB8-8B4A-11D0-8D11-00A0C91BC942}") = "LuaLibrary", "..\..\Cornucopia\ProjectFiles\LuaLibrary.vcproj", "{5AD1A50E-7813-41AB-BB00-42B62DABE1EC}"
EndProject
Project("{8BC9CEB8-8B4A-11D0-8D11-00A0C91BC942}") = "CornucopiaPluginLibrary", "..\PluginLibrary\CornucopiaPluginLibrary.vcproj", "{91714A27-F0FD-4836-A3E6-57FE2019235A}"
	ProjectSection(ProjectDependencies) = postProject
		{028673A4-7EFB-4260-BD78-612C7BD81B70} = {028673A4-7EFB-4260-BD78-612C7BD81B70}
	EndProjectSection
EndProject
Project("{8BC9CEB8-8B4A-11D0-8D11-00A0C91BC942}") = "ImageColumn", "..\Plugins\ImageColumn\ImageColumn.vcproj", "{1AA41D22-DC45-4844-A996-15FABA2B984E}"
	ProjectSection(ProjectDependencies) = postProject
		{91714A27-F0FD-4836-A3E6-57FE2019235A} = {91714A27-F0FD-4836-A3E6-57FE2019235A}
	EndProjectSection
EndProject
Project("{8BC9CEB8-8B4A-11D0-8D11-00A0C91BC942}") = "PerforceClient", "..\Plugins\PerforceClient\PerforceClient.vcproj", "{6108A318-E7C3-4C22-B720-CA7CA482DA9C}"
	ProjectSection(ProjectDependencies) = postProject
		{91714A27-F0FD-4836-A3E6-57FE2019235A} = {91714A27-F0FD-4836-A3E6-57FE2019235A}
	EndProjectSection
EndProject
Project("{2150E333-8FDC-42A3-9474-1A3956D46DE8}") = "Plugins", "Plugins", "{D04EEA8A-58A8-4B3A-BC79-3404023E0460}"
EndProject
Project("{2150E333-8FDC-42A3-9474-1A3956D46DE8}") = "Libraries", "Libraries", "{F5EAF909-AE28-4667-8B92-E873DF477B61}"
EndProject
Project("{8BC9CEB8-8B4A-11D0-8D11-00A0C91BC942}") = "LiveTweakTelemetryLogger", "..\Plugins\LiveTweakTelemetryLogger\LiveTweakTelemetryLogger.vcproj", "{EF538643-927D-49BD-A9A8-658CA36F6931}"
EndProject
Global
	GlobalSection(SolutionConfigurationPlatforms) = preSolution
		Debug|Win32 = Debug|Win32
		Release|Win32 = Release|Win32
	EndGlobalSection
	GlobalSection(ProjectConfigurationPlatforms) = postSolution
		{906EB7EF-D003-4FDB-952E-A9F0AB51F5B1}.Debug|Win32.ActiveCfg = Debug|Win32
		{906EB7EF-D003-4FDB-952E-A9F0AB51F5B1}.Debug|Win32.Build.0 = Debug|Win32
		{906EB7EF-D003-4FDB-952E-A9F0AB51F5B1}.Release|Win32.ActiveCfg = Release|Win32
		{906EB7EF-D003-4FDB-952E-A9F0AB51F5B1}.Release|Win32.Build.0 = Release|Win32
		{028673A4-7EFB-4260-BD78-612C7BD81B70}.Debug|Win32.ActiveCfg = Debug|Win32
		{028673A4-7EFB-4260-BD78-612C7BD81B70}.Debug|Win32.Build.0 = Debug|Win32
		{028673A4-7EFB-4260-BD78-612C7BD81B70}.Release|Win32.ActiveCfg = Release|Win32
		{028673A4-7EFB-4260-BD78-612C7BD81B70}.Release|Win32.Build.0 = Release|Win32
		{8D891D19-E231-44BE-BA2B-9F56DD42D673}.Debug|Win32.ActiveCfg = Debug|Win32
		{8D891D19-E231-44BE-BA2B-9F56DD42D673}.Debug|Win32.Build.0 = Debug|Win32
		{8D891D19-E231-44BE-BA2B-9F56DD42D673}.Release|Win32.ActiveCfg = Release|Win32
		{8D891D19-E231-44BE-BA2B-9F56DD42D673}.Release|Win32.Build.0 = Release|Win32
		{5AD1A50E-7813-41AB-BB00-42B62DABE1EC}.Debug|Win32.ActiveCfg = Debug|Win32
		{5AD1A50E-7813-41AB-BB00-42B62DABE1EC}.Debug|Win32.Build.0 = Debug|Win32
		{5AD1A50E-7813-41AB-BB00-42B62DABE1EC}.Release|Win32.ActiveCfg = Release|Win32
		{5AD1A50E-7813-41AB-BB00-42B62DABE1EC}.Release|Win32.Build.0 = Release|Win32
		{91714A27-F0FD-4836-A3E6-57FE2019235A}.Debug|Win32.ActiveCfg = Debug|Win32
		{91714A27-F0FD-4836-A3E6-57FE2019235A}.Debug|Win32.Build.0 = Debug|Win32
		{91714A27-F0FD-4836-A3E6-57FE2019235A}.Release|Win32.ActiveCfg = Release|Win32
		{91714A27-F0FD-4836-A3E6-57FE2019235A}.Release|Win32.Build.0 = Release|Win32
		{1AA41D22-DC45-4844-A996-15FABA2B984E}.Debug|Win32.ActiveCfg = Debug|Win32
		{1AA41D22-DC45-4844-A996-15FABA2B984E}.Debug|Win32.Build.0 = Debug|Win32
		{1AA41D22-DC45-4844-A996-15FABA2B984E}.Release|Win32.ActiveCfg = Release|Win32
		{1AA41D22-DC45-4844-A996-15FABA2B984E}.Release|Win32.Build.0 = Release|Win32
		{6108A318-E7C3-4C22-B720-CA7CA482DA9C}.Debug|Win32.ActiveCfg = Debug|Win32
		{6108A318-E7C3-4C22-B720-CA7CA482DA9C}.Debug|Win32.Build.0 = Debug|Win32
		{6108A318-E7C3-4C22-B720-CA7CA482DA9C}.Release|Win32.ActiveCfg = Release|Win32
		{6108A318-E7C3-4C22-B720-CA7CA482DA9C}.Release|Win32.Build.0 = Release|Win32
		{EF538643-927D-49BD-A9A8-658CA36F6931}.Debug|Win32.ActiveCfg = Debug|Win32
		{EF538643-927D-49BD-A9A8-658CA36F6931}.Debug|Win32.Build.0 = Debug|Win32
		{EF538643-927D-49BD-A9A8-658CA36F6931}.Release|Win32.ActiveCfg = Release|Win32
		{EF538643-927D-49BD-A9A8-658CA36F6931}.Release|Win32.Build.0 = Release|Win32
	EndGlobalSection
	GlobalSection(SolutionProperties) = preSolution
		HideSolutionNode = FALSE
	EndGlobalSection
	GlobalSection(NestedProjects) = preSolution
		{8D891D19-E231-44BE-BA2B-9F56DD42D673} = {F5EAF909-AE28-4667-8B92-E873DF477B61}
		{5AD1A50E-7813-41AB-BB00-42B62DABE1EC} = {F5EAF909-AE28-4667-8B92-E873DF477B61}
		{91714A27-F0FD-4836-A3E6-57FE2019235A} = {F5EAF909-AE28-4667-8B92-E873DF477B61}
		{028673A4-7EFB-4260-BD78-612C7BD81B70} = {F5EAF909-AE28-4667-8B92-E873DF477B61}
		{6108A318-E7C3-4C22-B720-CA7CA482DA9C} = {D04EEA8A-58A8-4B3A-BC79-3404023E0460}
		{1AA41D22-DC45-4844-A996-15FABA2B984E} = {D04EEA8A-58A8-4B3A-BC79-3404023E0460}
		{EF538643-927D-49BD-A9A8-658CA36F6931} = {D04EEA8A-58A8-4B3A-BC79-3404023E0460}
	EndGlobalSection
EndGlobal
