
Microsoft Visual Studio Solution File, Format Version 12.00
# Visual Studio 2013
VisualStudioVersion = 12.0.40629.0
MinimumVisualStudioVersion = 10.0.40219.1
Project("{8BC9CEB8-8B4A-11D0-8D11-00A0C91BC942}") = "GAExpressionLib", "GAExpressionLib.vcxproj", "{6626A1F9-7CE9-4C16-88A7-FF9EA806825A}"
EndProject
Project("{8BC9CEB8-8B4A-11D0-8D11-00A0C91BC942}") = "Lua", "Lua.vcxproj", "{47A70FC7-871B-493F-876D-B44FD83D6C7E}"
EndProject
Project("{8BC9CEB8-8B4A-11D0-8D11-00A0C91BC942}") = "GAExpressionLua", "GAExpressionLua.vcxproj", "{B209B58E-941D-4BE3-880A-A8B4765D4FAD}"
	ProjectSection(ProjectDependencies) = postProject
		{47A70FC7-871B-493F-876D-B44FD83D6C7E} = {47A70FC7-871B-493F-876D-B44FD83D6C7E}
		{6626A1F9-7CE9-4C16-88A7-FF9EA806825A} = {6626A1F9-7CE9-4C16-88A7-FF9EA806825A}
	EndProjectSection
EndProject
Project("{8BC9CEB8-8B4A-11D0-8D11-00A0C91BC942}") = "LuaInterpreter", "LuaInterpreter.vcxproj", "{BDD7C444-D919-4B76-AB3C-777602F1DA50}"
	ProjectSection(ProjectDependencies) = postProject
		{B209B58E-941D-4BE3-880A-A8B4765D4FAD} = {B209B58E-941D-4BE3-880A-A8B4765D4FAD}
		{47A70FC7-871B-493F-876D-B44FD83D6C7E} = {47A70FC7-871B-493F-876D-B44FD83D6C7E}
		{6626A1F9-7CE9-4C16-88A7-FF9EA806825A} = {6626A1F9-7CE9-4C16-88A7-FF9EA806825A}
	EndProjectSection
EndProject
Global
	GlobalSection(SolutionConfigurationPlatforms) = preSolution
		Debug|Win32 = Debug|Win32
		Release|Win32 = Release|Win32
	EndGlobalSection
	GlobalSection(ProjectConfigurationPlatforms) = postSolution
		{6626A1F9-7CE9-4C16-88A7-FF9EA806825A}.Debug|Win32.ActiveCfg = Debug|Win32
		{6626A1F9-7CE9-4C16-88A7-FF9EA806825A}.Debug|Win32.Build.0 = Debug|Win32
		{6626A1F9-7CE9-4C16-88A7-FF9EA806825A}.Release|Win32.ActiveCfg = Release|Win32
		{6626A1F9-7CE9-4C16-88A7-FF9EA806825A}.Release|Win32.Build.0 = Release|Win32
		{47A70FC7-871B-493F-876D-B44FD83D6C7E}.Debug|Win32.ActiveCfg = Debug|Win32
		{47A70FC7-871B-493F-876D-B44FD83D6C7E}.Debug|Win32.Build.0 = Debug|Win32
		{47A70FC7-871B-493F-876D-B44FD83D6C7E}.Release|Win32.ActiveCfg = Release|Win32
		{47A70FC7-871B-493F-876D-B44FD83D6C7E}.Release|Win32.Build.0 = Release|Win32
		{B209B58E-941D-4BE3-880A-A8B4765D4FAD}.Debug|Win32.ActiveCfg = Debug|Win32
		{B209B58E-941D-4BE3-880A-A8B4765D4FAD}.Debug|Win32.Build.0 = Debug|Win32
		{B209B58E-941D-4BE3-880A-A8B4765D4FAD}.Release|Win32.ActiveCfg = Release|Win32
		{B209B58E-941D-4BE3-880A-A8B4765D4FAD}.Release|Win32.Build.0 = Release|Win32
		{BDD7C444-D919-4B76-AB3C-777602F1DA50}.Debug|Win32.ActiveCfg = Debug|Win32
		{BDD7C444-D919-4B76-AB3C-777602F1DA50}.Debug|Win32.Build.0 = Debug|Win32
		{BDD7C444-D919-4B76-AB3C-777602F1DA50}.Release|Win32.ActiveCfg = Release|Win32
		{BDD7C444-D919-4B76-AB3C-777602F1DA50}.Release|Win32.Build.0 = Release|Win32
	EndGlobalSection
	GlobalSection(SolutionProperties) = preSolution
		HideSolutionNode = FALSE
	EndGlobalSection
EndGlobal
