
Microsoft Visual Studio Solution File, Format Version 11.00
# Visual Studio 2010
Project("{8BC9CEB8-8B4A-11D0-8D11-00A0C91BC942}") = "Arbiter", "Arbiter.vcxproj", "{DDC03067-5A00-451A-8207-4EEE4A444995}"
EndProject
Global
	GlobalSection(SolutionConfigurationPlatforms) = preSolution
		Debug|Win32 = Debug|Win32
		Release|Win32 = Release|Win32
	EndGlobalSection
	GlobalSection(ProjectConfigurationPlatforms) = postSolution
		{DDC03067-5A00-451A-8207-4EEE4A444995}.Debug|Win32.ActiveCfg = Debug|Win32
		{DDC03067-5A00-451A-8207-4EEE4A444995}.Debug|Win32.Build.0 = Debug|Win32
		{DDC03067-5A00-451A-8207-4EEE4A444995}.Release|Win32.ActiveCfg = Release|Win32
		{DDC03067-5A00-451A-8207-4EEE4A444995}.Release|Win32.Build.0 = Release|Win32
	EndGlobalSection
	GlobalSection(SolutionProperties) = preSolution
		HideSolutionNode = FALSE
	EndGlobalSection
EndGlobal
